
Microsoft Visual Studio Solution File, Format Version 12.00
# Visual Studio 2012
Project("{FAE04EC0-301F-11D3-BF4B-00C04F79EFBC}") = "workspace", "workspace\workspace.csproj", "{C56607D0-BCDA-4A58-AC99-95B4F550009A}"
EndProject
Project("{FAE04EC0-301F-11D3-BF4B-00C04F79EFBC}") = "mvcworkspace", "mvcworkspace\mvcworkspace.csproj", "{8A39AEEC-09B7-4E84-91EC-13D7080E21EE}"
EndProject
Global
	GlobalSection(SolutionConfigurationPlatforms) = preSolution
		Debug|Any CPU = Debug|Any CPU
		Release|Any CPU = Release|Any CPU
	EndGlobalSection
	GlobalSection(ProjectConfigurationPlatforms) = postSolution
		{C56607D0-BCDA-4A58-AC99-95B4F550009A}.Debug|Any CPU.ActiveCfg = Debug|Any CPU
		{C56607D0-BCDA-4A58-AC99-95B4F550009A}.Debug|Any CPU.Build.0 = Debug|Any CPU
		{C56607D0-BCDA-4A58-AC99-95B4F550009A}.Release|Any CPU.ActiveCfg = Release|Any CPU
		{C56607D0-BCDA-4A58-AC99-95B4F550009A}.Release|Any CPU.Build.0 = Release|Any CPU
		{8A39AEEC-09B7-4E84-91EC-13D7080E21EE}.Debug|Any CPU.ActiveCfg = Debug|Any CPU
		{8A39AEEC-09B7-4E84-91EC-13D7080E21EE}.Debug|Any CPU.Build.0 = Debug|Any CPU
		{8A39AEEC-09B7-4E84-91EC-13D7080E21EE}.Release|Any CPU.ActiveCfg = Release|Any CPU
		{8A39AEEC-09B7-4E84-91EC-13D7080E21EE}.Release|Any CPU.Build.0 = Release|Any CPU
	EndGlobalSection
	GlobalSection(SolutionProperties) = preSolution
		HideSolutionNode = FALSE
	EndGlobalSection
EndGlobal
